Microsoft Visual Studio Solution File, Format Version 11.00
# Visual Studio 2008

Project("{AD6F0AAC-29E7-D64B-41B4-822B6DA1C0B7}") = "KIF(new)", "Assembly-CSharp-firstpass-vs.csproj", "{A167182B-F046-BDDD-439E-201FC7B988A6}"
EndProject
Project("{AD6F0AAC-29E7-D64B-41B4-822B6DA1C0B7}") = "KIF(new)", "Assembly-CSharp-vs.csproj", "{A0621621-4E4E-36A5-0054-EF509246993C}"
EndProject
Global
	GlobalSection(SolutionConfigurationPlatforms) = preSolution
		Debug|Any CPU = Debug|Any CPU
		Release|Any CPU = Release|Any CPU
	EndGlobalSection
	GlobalSection(ProjectConfigurationPlatforms) = postSolution
		{A167182B-F046-BDDD-439E-201FC7B988A6}.Debug|Any CPU.ActiveCfg = Debug|Any CPU
		{A167182B-F046-BDDD-439E-201FC7B988A6}.Debug|Any CPU.Build.0 = Debug|Any CPU
		{A167182B-F046-BDDD-439E-201FC7B988A6}.Release|Any CPU.ActiveCfg = Release|Any CPU
		{A167182B-F046-BDDD-439E-201FC7B988A6}.Release|Any CPU.Build.0 = Release|Any CPU
		{A0621621-4E4E-36A5-0054-EF509246993C}.Debug|Any CPU.ActiveCfg = Debug|Any CPU
		{A0621621-4E4E-36A5-0054-EF509246993C}.Debug|Any CPU.Build.0 = Debug|Any CPU
		{A0621621-4E4E-36A5-0054-EF509246993C}.Release|Any CPU.ActiveCfg = Release|Any CPU
		{A0621621-4E4E-36A5-0054-EF509246993C}.Release|Any CPU.Build.0 = Release|Any CPU
	EndGlobalSection
	GlobalSection(SolutionProperties) = preSolution
		HideSolutionNode = FALSE
	EndGlobalSection
							GlobalSection(MonoDevelopProperties) = preSolution
		StartupItem = Assembly-CSharp.csproj
		Policies = $0
		$0.TextStylePolicy = $1
		$1.inheritsSet = null
		$1.scope = text/x-csharp
		$0.CSharpFormattingPolicy = $2
		$2.inheritsSet = Mono
		$2.inheritsScope = text/x-csharp
		$2.scope = text/x-csharp
		$0.TextStylePolicy = $3
		$3.FileWidth = 120
		$3.TabWidth = 4
		$3.EolMarker = Unix
		$3.inheritsSet = Mono
		$3.inheritsScope = text/plain
		$3.scope = text/plain
	EndGlobalSection

EndGlobal
