Microsoft Visual Studio Solution File, Format Version 11.00
# Visual Studio 2008

Project("{9FCD1FCB-E7D6-38AA-2B47-5C2000BBDDFC}") = "KIF-master", "Assembly-CSharp-firstpass-vs.csproj", "{3ACEE750-FBC6-9C9B-AAD3-F4FF8F0B181D}"
EndProject
Project("{9FCD1FCB-E7D6-38AA-2B47-5C2000BBDDFC}") = "KIF-master", "Assembly-CSharp-vs.csproj", "{9C0B8039-BEA9-D7C1-86D3-356FB4570F61}"
EndProject
Global
	GlobalSection(SolutionConfigurationPlatforms) = preSolution
		Debug|Any CPU = Debug|Any CPU
		Release|Any CPU = Release|Any CPU
	EndGlobalSection
	GlobalSection(ProjectConfigurationPlatforms) = postSolution
		{3ACEE750-FBC6-9C9B-AAD3-F4FF8F0B181D}.Debug|Any CPU.ActiveCfg = Debug|Any CPU
		{3ACEE750-FBC6-9C9B-AAD3-F4FF8F0B181D}.Debug|Any CPU.Build.0 = Debug|Any CPU
		{3ACEE750-FBC6-9C9B-AAD3-F4FF8F0B181D}.Release|Any CPU.ActiveCfg = Release|Any CPU
		{3ACEE750-FBC6-9C9B-AAD3-F4FF8F0B181D}.Release|Any CPU.Build.0 = Release|Any CPU
		{9C0B8039-BEA9-D7C1-86D3-356FB4570F61}.Debug|Any CPU.ActiveCfg = Debug|Any CPU
		{9C0B8039-BEA9-D7C1-86D3-356FB4570F61}.Debug|Any CPU.Build.0 = Debug|Any CPU
		{9C0B8039-BEA9-D7C1-86D3-356FB4570F61}.Release|Any CPU.ActiveCfg = Release|Any CPU
		{9C0B8039-BEA9-D7C1-86D3-356FB4570F61}.Release|Any CPU.Build.0 = Release|Any CPU
	EndGlobalSection
	GlobalSection(SolutionProperties) = preSolution
		HideSolutionNode = FALSE
	EndGlobalSection
						GlobalSection(MonoDevelopProperties) = preSolution
		StartupItem = Assembly-CSharp.csproj
		Policies = $0
		$0.TextStylePolicy = $1
		$1.inheritsSet = null
		$1.scope = text/x-csharp
		$0.CSharpFormattingPolicy = $2
		$2.inheritsSet = Mono
		$2.inheritsScope = text/x-csharp
		$2.scope = text/x-csharp
		$0.TextStylePolicy = $3
		$3.FileWidth = 120
		$3.TabWidth = 4
		$3.EolMarker = Unix
		$3.inheritsSet = Mono
		$3.inheritsScope = text/plain
		$3.scope = text/plain
	EndGlobalSection

EndGlobal
